
Microsoft Visual Studio Solution File, Format Version 12.00
# Visual Studio Version 17
VisualStudioVersion = 17.14.36616.10 d17.14
MinimumVisualStudioVersion = 10.0.40219.1
Project("{FAE04EC0-301F-11D3-BF4B-00C04F79EFBC}") = "enumInClass", "enumInClass\enumInClass.csproj", "{FA72225C-F49C-4386-9258-193F3512E5C7}"
EndProject
Global
	GlobalSection(SolutionConfigurationPlatforms) = preSolution
		Debug|Any CPU = Debug|Any CPU
		Release|Any CPU = Release|Any CPU
	EndGlobalSection
	GlobalSection(ProjectConfigurationPlatforms) = postSolution
		{FA72225C-F49C-4386-9258-193F3512E5C7}.Debug|Any CPU.ActiveCfg = Debug|Any CPU
		{FA72225C-F49C-4386-9258-193F3512E5C7}.Debug|Any CPU.Build.0 = Debug|Any CPU
		{FA72225C-F49C-4386-9258-193F3512E5C7}.Release|Any CPU.ActiveCfg = Release|Any CPU
		{FA72225C-F49C-4386-9258-193F3512E5C7}.Release|Any CPU.Build.0 = Release|Any CPU
	EndGlobalSection
	GlobalSection(SolutionProperties) = preSolution
		HideSolutionNode = FALSE
	EndGlobalSection
	GlobalSection(ExtensibilityGlobals) = postSolution
		SolutionGuid = {6B7C1843-520A-41E8-9393-24530708056E}
	EndGlobalSection
EndGlobal
