
Microsoft Visual Studio Solution File, Format Version 12.00
# Visual Studio Version 17
VisualStudioVersion = 17.14.36616.10 d17.14
MinimumVisualStudioVersion = 10.0.40219.1
Project("{FAE04EC0-301F-11D3-BF4B-00C04F79EFBC}") = "WinFormsCalculator", "WinFormsCalculator\WinFormsCalculator.csproj", "{02A885B1-1619-48C1-BB08-26B4A5C9C6D5}"
EndProject
Global
	GlobalSection(SolutionConfigurationPlatforms) = preSolution
		Debug|Any CPU = Debug|Any CPU
		Release|Any CPU = Release|Any CPU
	EndGlobalSection
	GlobalSection(ProjectConfigurationPlatforms) = postSolution
		{02A885B1-1619-48C1-BB08-26B4A5C9C6D5}.Debug|Any CPU.ActiveCfg = Debug|Any CPU
		{02A885B1-1619-48C1-BB08-26B4A5C9C6D5}.Debug|Any CPU.Build.0 = Debug|Any CPU
		{02A885B1-1619-48C1-BB08-26B4A5C9C6D5}.Release|Any CPU.ActiveCfg = Release|Any CPU
		{02A885B1-1619-48C1-BB08-26B4A5C9C6D5}.Release|Any CPU.Build.0 = Release|Any CPU
	EndGlobalSection
	GlobalSection(SolutionProperties) = preSolution
		HideSolutionNode = FALSE
	EndGlobalSection
	GlobalSection(ExtensibilityGlobals) = postSolution
		SolutionGuid = {51F65CB2-77F1-4C5F-9B94-AB945B3B6483}
	EndGlobalSection
EndGlobal
